
Microsoft Visual Studio Solution File, Format Version 12.00
# Visual Studio Version 17
VisualStudioVersion = 17.8.34330.188
MinimumVisualStudioVersion = 10.0.40219.1
Project("{FAE04EC0-301F-11D3-BF4B-00C04F79EFBC}") = "MVCTest.PL", "MVCTest.PL\MVCTest.PL.csproj", "{67187D7E-D662-4008-8DD6-57B518253B43}"
EndProject
Project("{FAE04EC0-301F-11D3-BF4B-00C04F79EFBC}") = "MVCTest.BLL", "MVCTest.BLL\MVCTest.BLL.csproj", "{9AD3F279-E35B-4342-9F69-F974FA202033}"
EndProject
Project("{FAE04EC0-301F-11D3-BF4B-00C04F79EFBC}") = "MVCTest.DAL", "MVCTest.DAL\MVCTest.DAL.csproj", "{3C1A38DE-B218-46FC-B5D4-0EF819308C64}"
EndProject
Global
	GlobalSection(SolutionConfigurationPlatforms) = preSolution
		Debug|Any CPU = Debug|Any CPU
		Release|Any CPU = Release|Any CPU
	EndGlobalSection
	GlobalSection(ProjectConfigurationPlatforms) = postSolution
		{67187D7E-D662-4008-8DD6-57B518253B43}.Debug|Any CPU.ActiveCfg = Debug|Any CPU
		{67187D7E-D662-4008-8DD6-57B518253B43}.Debug|Any CPU.Build.0 = Debug|Any CPU
		{67187D7E-D662-4008-8DD6-57B518253B43}.Release|Any CPU.ActiveCfg = Release|Any CPU
		{67187D7E-D662-4008-8DD6-57B518253B43}.Release|Any CPU.Build.0 = Release|Any CPU
		{9AD3F279-E35B-4342-9F69-F974FA202033}.Debug|Any CPU.ActiveCfg = Debug|Any CPU
		{9AD3F279-E35B-4342-9F69-F974FA202033}.Debug|Any CPU.Build.0 = Debug|Any CPU
		{9AD3F279-E35B-4342-9F69-F974FA202033}.Release|Any CPU.ActiveCfg = Release|Any CPU
		{9AD3F279-E35B-4342-9F69-F974FA202033}.Release|Any CPU.Build.0 = Release|Any CPU
		{3C1A38DE-B218-46FC-B5D4-0EF819308C64}.Debug|Any CPU.ActiveCfg = Debug|Any CPU
		{3C1A38DE-B218-46FC-B5D4-0EF819308C64}.Debug|Any CPU.Build.0 = Debug|Any CPU
		{3C1A38DE-B218-46FC-B5D4-0EF819308C64}.Release|Any CPU.ActiveCfg = Release|Any CPU
		{3C1A38DE-B218-46FC-B5D4-0EF819308C64}.Release|Any CPU.Build.0 = Release|Any CPU
	EndGlobalSection
	GlobalSection(SolutionProperties) = preSolution
		HideSolutionNode = FALSE
	EndGlobalSection
	GlobalSection(ExtensibilityGlobals) = postSolution
		SolutionGuid = {DE595D5D-0B74-45F2-8A03-CCBB7B8127B3}
	EndGlobalSection
EndGlobal
